{
  "name": "npm-emoji-flags",
  "version": "1.0.0",
  "lockfileVersion": 3,
  "requires": true,
  "packages": {
    "": {
      "name": "npm-emoji-flags",
      "version": "1.0.0",
      "license": "ISC",
      "dependencies": {
        "npm-emoji-flags": "^1.0.0"
      }
    },
    "node_modules/npm-emoji-flags": {
      "version": "1.0.0",
      "resolved": "https://registry.npmjs.org/npm-emoji-flags/-/npm-emoji-flags-1.0.0.tgz",
      "integrity": "sha512-+uxzpxUtZ/XEwhxB6zpWbnpzyDY/hvZhOAm2ifBakPNYL7LkkMnTGi11FmjM/7sWcAnC2t/sHzCmkRE/bVVbpA=="
    }
  }
}
